{
  "version": 4,
  "terraform_version": "1.6.0",
  "serial": 894,
  "lineage": "ac5095d8-9daf-2971-c084-f7ada37668b1",
  "outputs": {},
  "resources": [
    {
      "mode": "managed",
      "type": "google_artifact_registry_repository",
      "name": "my_repository",
      "provider": "provider[\"registry.terraform.io/hashicorp/google\"]",
      "instances": [
        {
          "schema_version": 0,
          "attributes": {
            "create_time": "2023-10-28T11:50:15.457270Z",
            "description": "",
            "docker_config": [],
            "effective_labels": {},
            "format": "DOCKER",
            "id": "projects/gcp-project-402717/locations/us-east4/repositories/final-project-repository",
            "kms_key_name": "",
            "labels": null,
            "location": "us-east4",
            "maven_config": [],
            "mode": "STANDARD_REPOSITORY",
            "name": "final-project-repository",
            "project": "gcp-project-402717",
            "remote_repository_config": [],
            "repository_id": "final-project-repository",
            "terraform_labels": {},
            "timeouts": null,
            "update_time": "2023-10-28T11:50:15.457270Z",
            "virtual_repository_config": []
          },
          "sensitive_attributes": [],
          "private": "eyJlMmJmYjczMC1lY2FhLTExZTYtOGY4OC0zNDM2M2JjN2M0YzAiOnsiY3JlYXRlIjoxMjAwMDAwMDAwMDAwLCJkZWxldGUiOjEyMDAwMDAwMDAwMDAsInVwZGF0ZSI6MTIwMDAwMDAwMDAwMH19"
        }
      ]
    },
    {
      "mode": "managed",
      "type": "google_compute_firewall",
      "name": "allow_iap",
      "provider": "provider[\"registry.terraform.io/hashicorp/google\"]",
      "instances": [
        {
          "schema_version": 1,
          "attributes": {
            "allow": [
              {
                "ports": [
                  "22"
                ],
                "protocol": "tcp"
              }
            ],
            "creation_timestamp": "2023-10-28T04:51:09.944-07:00",
            "deny": [],
            "description": "",
            "destination_ranges": [],
            "direction": "INGRESS",
            "disabled": false,
            "enable_logging": null,
            "id": "projects/gcp-project-402717/global/firewalls/allow-iap-tf",
            "log_config": [],
            "name": "allow-iap-tf",
            "network": "https://www.googleapis.com/compute/v1/projects/gcp-project-402717/global/networks/gcp-final-proj-vpc",
            "priority": 1000,
            "project": "gcp-project-402717",
            "self_link": "https://www.googleapis.com/compute/v1/projects/gcp-project-402717/global/firewalls/allow-iap-tf",
            "source_ranges": [
              "35.235.240.0/20"
            ],
            "source_service_accounts": null,
            "source_tags": null,
            "target_service_accounts": null,
            "target_tags": [
              "management-vm-ssh"
            ],
            "timeouts": null
          },
          "sensitive_attributes": [],
          "private": "eyJlMmJmYjczMC1lY2FhLTExZTYtOGY4OC0zNDM2M2JjN2M0YzAiOnsiY3JlYXRlIjoxMjAwMDAwMDAwMDAwLCJkZWxldGUiOjEyMDAwMDAwMDAwMDAsInVwZGF0ZSI6MTIwMDAwMDAwMDAwMH0sInNjaGVtYV92ZXJzaW9uIjoiMSJ9",
          "dependencies": [
            "google_compute_network.vpc_network",
            "google_project_service.gcp_services",
            "time_sleep.wait_project_init"
          ]
        }
      ]
    },
    {
      "mode": "managed",
      "type": "google_compute_instance",
      "name": "management_vm",
      "provider": "provider[\"registry.terraform.io/hashicorp/google\"]",
      "instances": [
        {
          "schema_version": 6,
          "attributes": {
            "advanced_machine_features": [],
            "allow_stopping_for_update": null,
            "attached_disk": [],
            "boot_disk": [
              {
                "auto_delete": true,
                "device_name": "persistent-disk-0",
                "disk_encryption_key_raw": "",
                "disk_encryption_key_sha256": "",
                "initialize_params": [
                  {
                    "image": "https://www.googleapis.com/compute/v1/projects/ubuntu-os-cloud/global/images/ubuntu-2204-jammy-v20231022",
                    "labels": {},
                    "resource_manager_tags": null,
                    "size": 10,
                    "type": "pd-standard"
                  }
                ],
                "kms_key_self_link": "",
                "mode": "READ_WRITE",
                "source": "https://www.googleapis.com/compute/v1/projects/gcp-project-402717/zones/us-east1-b/disks/management-vm"
              }
            ],
            "can_ip_forward": false,
            "confidential_instance_config": [],
            "cpu_platform": "Intel Broadwell",
            "current_status": "RUNNING",
            "deletion_protection": false,
            "description": "",
            "desired_status": null,
            "effective_labels": {},
            "enable_display": false,
            "guest_accelerator": [],
            "hostname": "",
            "id": "projects/gcp-project-402717/zones/us-east1-b/instances/management-vm",
            "instance_id": "6275798021264460629",
            "label_fingerprint": "42WmSpB8rSM=",
            "labels": null,
            "machine_type": "e2-small",
            "metadata": null,
            "metadata_fingerprint": "QQQC9kOafyQ=",
            "metadata_startup_script": "#!/bin/bash\n\n# Update the system\nsudo apt-get upgrade \u0026\u0026 sudo apt-get update-y\n\n# Install git\nsudo apt-get install git\ngit clone https://github.com/Ziad-Tawfik/simple-node-app.git\n\n# Install Docker\nsudo curl -fsSL https://get.docker.com -o get-docker.sh\nsudo sh get-docker.sh\n\n# Install gcloud components\nsudo apt-get install apt-transport-https ca-certificates gnupg curl sudo\nsudo echo \"deb [signed-by=/usr/share/keyrings/cloud.google.asc] https://packages.cloud.google.com/apt cloud-sdk main\" | sudo tee -a /etc/apt/sources.list.d/google-cloud-sdk.list\ncurl https://packages.cloud.google.com/apt/doc/apt-key.gpg | sudo tee /usr/share/keyrings/cloud.google.asc\nsudo apt-get update\nsudo apt-get install kubectl google-cloud-cli-gke-gcloud-auth-plugin\n\n# Login to artifact repo\nsudo gcloud auth print-access-token | sudo docker login -u oauth2accesstoken --password-stdin https://us-east4-docker.pkg.dev\n\n# Create Nodejs Dockerfile\nsudo cat \u003c\u003c-EOF \u003e /simple-node-app/Dockerfile.nodejs\n# Build the application\nFROM node:latest\n\nWORKDIR /usr/src/app\n\n# Copy package.json and package-lock.json separately to leverage Docker cache\nCOPY package*.json ./\nRUN npm install\n\n# Copy the rest of the application code\nCOPY . .\n\n# Expose the application port\nEXPOSE 3000\n\n# Start Node.js application\nCMD [ \"node\", \"index.js\" ]\nEOF\n\n# Create a key to authenticate the mongodb\nsudo openssl rand -base64 741 \u003e /simple-node-app/mongodb-keyfile\nsudo chmod 0400 /simple-node-app/mongodb-keyfile\n\n# Create Mongodb Dockerfile\nsudo cat \u003c\u003c-EOF \u003e /simple-node-app/Dockerfile.mongodb\n# Start with the official MongoDB image\nFROM mongo:5.0.15\n\n# Copy an Auth key to the container\nCOPY mongodb-keyfile /etc/secrets-volume/mongodb-keyfile\nRUN chmod 0400 /etc/secrets-volume/mongodb-keyfile \u0026\u0026 chown mongodb:mongodb /etc/secrets-volume/mongodb-keyfile \n\n# Expose MongoDB port\nEXPOSE 27017 \n\n# Set default command to run MongoDB\nCMD [\"mongod\"]\nEOF\n\n\n# Create Side Car Container\nsudo cat \u003c\u003c-EOF \u003e /simple-node-app/Dockerfile.sidecar\n# Side car image\nFROM cvallance/mongo-k8s-sidecar:latest\n\n# Start NPM\nCMD [\"npm\", \"start\"]\nEOF\n\n\n\n#######################################################\n## Kubernetes Part ##\n#######################################################\n\n# Create Kube Dir\nmkdir -p /simple-node-app/kube\n\n# Google cloud ssd storage class\nsudo cat \u003c\u003c-EOF \u003e /simple-node-app/kube/googlecloud_ssd.yaml\napiVersion: storage.k8s.io/v1\nkind: StorageClass\nmetadata:\n  name: fast\nprovisioner: kubernetes.io/gce-pd\nparameters:\n  type: pd-ssd\nEOF\n\n\n# Role Binding\nsudo cat \u003c\u003c-EOF \u003e /simple-node-app/kube/rolebinding.yaml\napiVersion: rbac.authorization.k8s.io/v1\nkind: ClusterRoleBinding\nmetadata:\n  name: default-view\nroleRef:\n  apiGroup: rbac.authorization.k8s.io\n  kind: ClusterRole\n  name: view\nsubjects:\n  - kind: ServiceAccount\n    name: default\n    namespace: default\nEOF\n\n\n# Load Balancer\nsudo cat \u003c\u003c-EOF \u003e /simple-node-app/kube/loadbalancer.yaml\n# loadbalancer-service.yml\napiVersion: v1\nkind: Service\nmetadata:\n  name: loadbalancer-node\n  labels:\n    app: mynodejs\nspec:\n  type: LoadBalancer\n  ports:\n    - port: 80\n      targetPort: 3000\n      protocol: TCP\n  selector:\n    app: mynodejs\nEOF\n\n\n# nodejs\nsudo cat \u003c\u003c-EOF \u003e /simple-node-app/kube/nodejs-deployment.yaml\napiVersion: apps/v1\nkind: Deployment\nmetadata:\n  name: mynodejs-deployment\nspec:\n  replicas: 3\n  selector:\n    matchLabels:\n      app: mynodejs\n  template:\n    metadata:\n      name: mynodejs-pod\n      labels:\n        app: mynodejs\n    spec:\n      containers:\n        - name: mynodejs-container\n          image: us-east4-docker.pkg.dev/gcp-project-402717/final-project-repository/mynode\n          env:\n            - name: DBuser\n              value: \"admin\"\n            - name: DBpass\n              valueFrom:\n                secretKeyRef:\n                  name: mongo-key\n                  key: mongodb-root-password\n            - name: DBhosts\n              value: \"mongo-0.mongo.default.svc.cluster.local:27017,mongo-1.mongo.default.svc.cluster.local:27017,mongo-2.mongo.default.svc.cluster.local:27017\"\n          ports:\n            - containerPort: 3000\nEOF\n\n\n\n# mongo-key\nsudo cat \u003c\u003c-EOF \u003e /simple-node-app/kube/mongokey.yaml\napiVersion: v1\nkind: Secret\nmetadata:\n  name: mongo-key\ndata:\n  mongodb-root-password: cGFzc3dvcmQ=\nEOF\n\n\n\n# Mongo DB Statefulset\nsudo cat \u003c\u003c-EOF \u003e /simple-node-app/kube/mongodb-statefulset.yaml\n#Create headless server\n---\napiVersion: v1\nkind: Service\nmetadata:\n  name: mongo\n  labels:\n    name: mongo\nspec:\n  ports:\n  - port: 27017\n    targetPort: 27017\n  clusterIP: None\n  selector:\n    role: mongo\n---\napiVersion: apps/v1\nkind: StatefulSet\nmetadata:\n  name: mongo\nspec:\n  serviceName: \"mongo\"\n  replicas: 3\n  selector:\n    matchLabels:\n      role: mongo\n  template:\n    metadata:\n      labels:\n        role: mongo\n        environment: test\n    spec:\n      terminationGracePeriodSeconds: 10\n      containers:\n        - name: mongo\n          image: us-east4-docker.pkg.dev/gcp-project-402717/final-project-repository/mymongo\n          args: [\"--auth\", \"--bind_ip_all\", \"--replSet\", \"rs0\", \"--keyFile\", \"/etc/secrets-volume/mongodb-keyfile\"]\n          env:\n            - name: \"MONGO_INITDB_ROOT_USERNAME\"\n              value: \"admin\"\n            - name: \"MONGO_INITDB_ROOT_PASSWORD\"\n              valueFrom:\n                secretKeyRef:\n                  name: mongo-key\n                  key: mongodb-root-password\n\n          ports:\n            - containerPort: 27017\n          volumeMounts:\n            - name: mongo-persistent-storage\n              mountPath: /data/db\n\n        - name: mongo-sidecar\n          image: us-east4-docker.pkg.dev/gcp-project-402717/final-project-repository/mymongosidecar\n          env:\n            - name: MONGO_SIDECAR_POD_LABELS\n              value: \"role=mongo,environment=test\"\n            - name: KUBERNETES_MONGO_SERVICE_NAME\n              value: \"mongo\"\n            - name: MONGODB_USERNAME\n              value: \"admin\"\n            - name: MONGODB_PASSWORD\n              valueFrom:\n                secretKeyRef:\n                  name: mongo-key\n                  key: mongodb-root-password\n            - name: MONGODB_DATABASE\n              value: \"admin\"\n\n  volumeClaimTemplates:\n  - metadata:\n      name: mongo-persistent-storage\n      annotations:\n        volume.beta.kubernetes.io/storage-class: \"fast\"\n    spec:\n      accessModes: [ \"ReadWriteOnce\" ]\n      resources:\n        requests:\n          storage: 1Gi\nEOF\n\n\n# Create a script to be executed in the vm\nsudo cat \u003c\u003c-EOF \u003e /simple-node-app/run.sh\necho \"\"\necho \"\"\necho \"\"\necho \"#########################\"\necho \"Authenticating Docker, Kubernetes\"\necho \"#########################\"\nsudo gcloud auth print-access-token | sudo docker login -u oauth2accesstoken --password-stdin https://us-east4-docker.pkg.dev\ngcloud container clusters get-credentials dev-cluster --region us-east4 --project gcp-project-402717\n\necho \"\"\necho \"\"\necho \"\"\necho \"#########################\"\necho \"Building Docker Images\"\necho \"#########################\"\ncd /simple-node-app;\nsudo docker build -t us-east4-docker.pkg.dev/gcp-project-402717/final-project-repository/mynode -f Dockerfile.nodejs .;\nsudo docker build -t us-east4-docker.pkg.dev/gcp-project-402717/final-project-repository/mymongo -f Dockerfile.mongodb .;\nsudo docker build -t us-east4-docker.pkg.dev/gcp-project-402717/final-project-repository/mymongosidecar -f Dockerfile.sidecar .\n\necho \"\"\necho \"\"\necho \"\"\necho \"#########################\"\necho \"Push Docker Images\"\necho \"#########################\"\nsudo docker push us-east4-docker.pkg.dev/gcp-project-402717/final-project-repository/mynode;\nsudo docker push us-east4-docker.pkg.dev/gcp-project-402717/final-project-repository/mymongo;\nsudo docker push us-east4-docker.pkg.dev/gcp-project-402717/final-project-repository/mymongosidecar\n\necho \"\"\necho \"\"\necho \"\"\necho \"#########################\"\necho \"Create SSD Storage Class in K8s\"\necho \"#########################\"\nkubectl apply -f kube/googlecloud_ssd.yaml\n\necho \"\"\necho \"\"\necho \"\"\necho \"#########################\"\necho \"Wait 60 Seconds\"\necho \"#########################\"\nsleep 60\n\necho \"\"\necho \"\"\necho \"\"\necho \"#########################\"\necho \"Create Mongokey in K8s\"\necho \"#########################\"\nkubectl apply -f kube/mongokey.yaml\n\n\necho \"\"\necho \"\"\necho \"\"\necho \"#########################\"\necho \"Wait 60 Seconds\"\necho \"#########################\"\nsleep 60\n\n\necho \"\"\necho \"\"\necho \"\"\necho \"#########################\"\necho \"Create Role Binding in K8s\"\necho \"#########################\"\nkubectl apply -f kube/rolebinding.yaml\n\n\necho \"\"\necho \"\"\necho \"\"\necho \"#########################\"\necho \"Wait 60 Seconds\"\necho \"#########################\"\nsleep 60\n\n\necho \"\"\necho \"\"\necho \"\"\necho \"#########################\"\necho \"Create Mongo Statefulset in K8s\"\necho \"#########################\"\nkubectl apply -f kube/mongodb-statefulset.yaml\n\n\necho \"\"\necho \"\"\necho \"\"\necho \"#########################\"\necho \"Wait 60 Seconds\"\necho \"#########################\"\nsleep 60\n\necho \"\"\necho \"\"\necho \"\"\necho \"#########################\"\necho \"Create Nodejs Deployment\"\necho \"#########################\"\nkubectl apply -f kube/nodejs-deployment.yaml\n\necho \"\"\necho \"\"\necho \"\"\necho \"#########################\"\necho \"Wait 60 Seconds\"\necho \"#########################\"\nsleep 60\n\n\necho \"\"\necho \"\"\necho \"\"\necho \"#########################\"\necho \"Create Load Balancer Service\"\necho \"#########################\"\nkubectl apply -f kube/loadbalancer.yaml\n\nEOF\n\n\n# Change run.sh permissions to be executable\nsudo chmod 755 /simple-node-app/run.sh",
            "min_cpu_platform": "",
            "name": "management-vm",
            "network_interface": [
              {
                "access_config": [],
                "alias_ip_range": [],
                "internal_ipv6_prefix_length": 0,
                "ipv6_access_config": [],
                "ipv6_access_type": "",
                "ipv6_address": "",
                "name": "nic0",
                "network": "https://www.googleapis.com/compute/v1/projects/gcp-project-402717/global/networks/gcp-final-proj-vpc",
                "network_ip": "10.1.0.2",
                "nic_type": "",
                "queue_count": 0,
                "stack_type": "IPV4_ONLY",
                "subnetwork": "https://www.googleapis.com/compute/v1/projects/gcp-project-402717/regions/us-east1/subnetworks/management-subnet",
                "subnetwork_project": "gcp-project-402717"
              }
            ],
            "network_performance_config": [],
            "params": [],
            "project": "gcp-project-402717",
            "reservation_affinity": [],
            "resource_policies": null,
            "scheduling": [
              {
                "automatic_restart": true,
                "instance_termination_action": "",
                "local_ssd_recovery_timeout": [],
                "min_node_cpus": 0,
                "node_affinities": [],
                "on_host_maintenance": "MIGRATE",
                "preemptible": false,
                "provisioning_model": "STANDARD"
              }
            ],
            "scratch_disk": [],
            "self_link": "https://www.googleapis.com/compute/v1/projects/gcp-project-402717/zones/us-east1-b/instances/management-vm",
            "service_account": [
              {
                "email": "sa-man-vm-tf@gcp-project-402717.iam.gserviceaccount.com",
                "scopes": [
                  "https://www.googleapis.com/auth/cloud-platform"
                ]
              }
            ],
            "shielded_instance_config": [
              {
                "enable_integrity_monitoring": true,
                "enable_secure_boot": false,
                "enable_vtpm": true
              }
            ],
            "tags": [
              "management-vm-ssh"
            ],
            "tags_fingerprint": "HvfpjCzmxJA=",
            "terraform_labels": {},
            "timeouts": null,
            "zone": "us-east1-b"
          },
          "sensitive_attributes": [],
          "private": "eyJlMmJmYjczMC1lY2FhLTExZTYtOGY4OC0zNDM2M2JjN2M0YzAiOnsiY3JlYXRlIjoxMjAwMDAwMDAwMDAwLCJkZWxldGUiOjEyMDAwMDAwMDAwMDAsInVwZGF0ZSI6MTIwMDAwMDAwMDAwMH0sInNjaGVtYV92ZXJzaW9uIjoiNiJ9",
          "dependencies": [
            "google_compute_network.vpc_network",
            "google_compute_subnetwork.subnets",
            "google_project_service.gcp_services",
            "google_service_account.service_account",
            "time_sleep.wait_project_init"
          ]
        }
      ]
    },
    {
      "mode": "managed",
      "type": "google_compute_network",
      "name": "vpc_network",
      "provider": "provider[\"registry.terraform.io/hashicorp/google\"]",
      "instances": [
        {
          "schema_version": 0,
          "attributes": {
            "auto_create_subnetworks": false,
            "delete_default_routes_on_create": false,
            "description": "VPC for GCP final Project",
            "enable_ula_internal_ipv6": false,
            "gateway_ipv4": "",
            "id": "projects/gcp-project-402717/global/networks/gcp-final-proj-vpc",
            "internal_ipv6_range": "",
            "mtu": 0,
            "name": "gcp-final-proj-vpc",
            "network_firewall_policy_enforcement_order": "AFTER_CLASSIC_FIREWALL",
            "project": "gcp-project-402717",
            "routing_mode": "REGIONAL",
            "self_link": "https://www.googleapis.com/compute/v1/projects/gcp-project-402717/global/networks/gcp-final-proj-vpc",
            "timeouts": null
          },
          "sensitive_attributes": [],
          "private": "eyJlMmJmYjczMC1lY2FhLTExZTYtOGY4OC0zNDM2M2JjN2M0YzAiOnsiY3JlYXRlIjoxMjAwMDAwMDAwMDAwLCJkZWxldGUiOjEyMDAwMDAwMDAwMDAsInVwZGF0ZSI6MTIwMDAwMDAwMDAwMH19",
          "dependencies": [
            "google_project_service.gcp_services",
            "time_sleep.wait_project_init"
          ]
        }
      ]
    },
    {
      "mode": "managed",
      "type": "google_compute_router",
      "name": "nat_router",
      "provider": "provider[\"registry.terraform.io/hashicorp/google\"]",
      "instances": [
        {
          "schema_version": 0,
          "attributes": {
            "bgp": [],
            "creation_timestamp": "2023-10-28T04:51:22.849-07:00",
            "description": "",
            "encrypted_interconnect_router": false,
            "id": "projects/gcp-project-402717/regions/us-east1/routers/nat-router",
            "name": "nat-router",
            "network": "https://www.googleapis.com/compute/v1/projects/gcp-project-402717/global/networks/gcp-final-proj-vpc",
            "project": "gcp-project-402717",
            "region": "us-east1",
            "self_link": "https://www.googleapis.com/compute/v1/projects/gcp-project-402717/regions/us-east1/routers/nat-router",
            "timeouts": null
          },
          "sensitive_attributes": [],
          "private": "eyJlMmJmYjczMC1lY2FhLTExZTYtOGY4OC0zNDM2M2JjN2M0YzAiOnsiY3JlYXRlIjoxMjAwMDAwMDAwMDAwLCJkZWxldGUiOjEyMDAwMDAwMDAwMDAsInVwZGF0ZSI6MTIwMDAwMDAwMDAwMH19",
          "dependencies": [
            "google_compute_network.vpc_network",
            "google_compute_subnetwork.subnets",
            "google_project_service.gcp_services",
            "time_sleep.wait_project_init"
          ]
        }
      ]
    },
    {
      "mode": "managed",
      "type": "google_compute_router_nat",
      "name": "nat_config",
      "provider": "provider[\"registry.terraform.io/hashicorp/google\"]",
      "instances": [
        {
          "schema_version": 0,
          "attributes": {
            "drain_nat_ips": null,
            "enable_dynamic_port_allocation": false,
            "enable_endpoint_independent_mapping": false,
            "icmp_idle_timeout_sec": 30,
            "id": "gcp-project-402717/us-east1/nat-router/nat-config",
            "log_config": [],
            "max_ports_per_vm": 0,
            "min_ports_per_vm": 0,
            "name": "nat-config",
            "nat_ip_allocate_option": "AUTO_ONLY",
            "nat_ips": null,
            "project": "gcp-project-402717",
            "region": "us-east1",
            "router": "nat-router",
            "rules": [],
            "source_subnetwork_ip_ranges_to_nat": "LIST_OF_SUBNETWORKS",
            "subnetwork": [
              {
                "name": "projects/gcp-project-402717/regions/us-east1/subnetworks/management-subnet",
                "secondary_ip_range_names": [],
                "source_ip_ranges_to_nat": [
                  "10.1.0.0/16"
                ]
              }
            ],
            "tcp_established_idle_timeout_sec": 1200,
            "tcp_time_wait_timeout_sec": 120,
            "tcp_transitory_idle_timeout_sec": 30,
            "timeouts": null,
            "udp_idle_timeout_sec": 30
          },
          "sensitive_attributes": [],
          "private": "eyJlMmJmYjczMC1lY2FhLTExZTYtOGY4OC0zNDM2M2JjN2M0YzAiOnsiY3JlYXRlIjoxMjAwMDAwMDAwMDAwLCJkZWxldGUiOjEyMDAwMDAwMDAwMDAsInVwZGF0ZSI6MTIwMDAwMDAwMDAwMH19",
          "dependencies": [
            "google_compute_network.vpc_network",
            "google_compute_router.nat_router",
            "google_compute_subnetwork.subnets",
            "google_project_service.gcp_services",
            "time_sleep.wait_project_init"
          ]
        }
      ]
    },
    {
      "mode": "managed",
      "type": "google_compute_subnetwork",
      "name": "subnets",
      "provider": "provider[\"registry.terraform.io/hashicorp/google\"]",
      "instances": [
        {
          "index_key": 0,
          "schema_version": 0,
          "attributes": {
            "creation_timestamp": "2023-10-28T04:51:10.461-07:00",
            "description": "",
            "external_ipv6_prefix": "",
            "fingerprint": null,
            "gateway_address": "10.1.0.1",
            "id": "projects/gcp-project-402717/regions/us-east1/subnetworks/management-subnet",
            "internal_ipv6_prefix": "",
            "ip_cidr_range": "10.1.0.0/16",
            "ipv6_access_type": "",
            "ipv6_cidr_range": "",
            "log_config": [],
            "name": "management-subnet",
            "network": "https://www.googleapis.com/compute/v1/projects/gcp-project-402717/global/networks/gcp-final-proj-vpc",
            "private_ip_google_access": true,
            "private_ipv6_google_access": "DISABLE_GOOGLE_ACCESS",
            "project": "gcp-project-402717",
            "purpose": "PRIVATE",
            "region": "us-east1",
            "role": "",
            "secondary_ip_range": [],
            "self_link": "https://www.googleapis.com/compute/v1/projects/gcp-project-402717/regions/us-east1/subnetworks/management-subnet",
            "stack_type": "IPV4_ONLY",
            "timeouts": null
          },
          "sensitive_attributes": [],
          "private": "eyJlMmJmYjczMC1lY2FhLTExZTYtOGY4OC0zNDM2M2JjN2M0YzAiOnsiY3JlYXRlIjoxMjAwMDAwMDAwMDAwLCJkZWxldGUiOjEyMDAwMDAwMDAwMDAsInVwZGF0ZSI6MTIwMDAwMDAwMDAwMH19",
          "dependencies": [
            "google_compute_network.vpc_network",
            "google_project_service.gcp_services",
            "time_sleep.wait_project_init"
          ]
        },
        {
          "index_key": 1,
          "schema_version": 0,
          "attributes": {
            "creation_timestamp": "2023-10-28T04:51:10.880-07:00",
            "description": "",
            "external_ipv6_prefix": "",
            "fingerprint": null,
            "gateway_address": "10.2.0.1",
            "id": "projects/gcp-project-402717/regions/us-east4/subnetworks/workload-subnet",
            "internal_ipv6_prefix": "",
            "ip_cidr_range": "10.2.0.0/16",
            "ipv6_access_type": "",
            "ipv6_cidr_range": "",
            "log_config": [],
            "name": "workload-subnet",
            "network": "https://www.googleapis.com/compute/v1/projects/gcp-project-402717/global/networks/gcp-final-proj-vpc",
            "private_ip_google_access": true,
            "private_ipv6_google_access": "DISABLE_GOOGLE_ACCESS",
            "project": "gcp-project-402717",
            "purpose": "PRIVATE",
            "region": "us-east4",
            "role": "",
            "secondary_ip_range": [],
            "self_link": "https://www.googleapis.com/compute/v1/projects/gcp-project-402717/regions/us-east4/subnetworks/workload-subnet",
            "stack_type": "IPV4_ONLY",
            "timeouts": null
          },
          "sensitive_attributes": [],
          "private": "eyJlMmJmYjczMC1lY2FhLTExZTYtOGY4OC0zNDM2M2JjN2M0YzAiOnsiY3JlYXRlIjoxMjAwMDAwMDAwMDAwLCJkZWxldGUiOjEyMDAwMDAwMDAwMDAsInVwZGF0ZSI6MTIwMDAwMDAwMDAwMH19",
          "dependencies": [
            "google_compute_network.vpc_network",
            "google_project_service.gcp_services",
            "time_sleep.wait_project_init"
          ]
        }
      ]
    },
    {
      "mode": "managed",
      "type": "google_container_cluster",
      "name": "my-private-cluster",
      "provider": "provider[\"registry.terraform.io/hashicorp/google\"]",
      "instances": [
        {
          "schema_version": 2,
          "attributes": {
            "addons_config": [
              {
                "cloudrun_config": [],
                "config_connector_config": [],
                "dns_cache_config": [],
                "gce_persistent_disk_csi_driver_config": [
                  {
                    "enabled": true
                  }
                ],
                "gcp_filestore_csi_driver_config": [],
                "gcs_fuse_csi_driver_config": [],
                "gke_backup_agent_config": [],
                "horizontal_pod_autoscaling": [],
                "http_load_balancing": [],
                "network_policy_config": [
                  {
                    "disabled": true
                  }
                ]
              }
            ],
            "allow_net_admin": null,
            "authenticator_groups_config": [],
            "binary_authorization": [
              {
                "enabled": false,
                "evaluation_mode": ""
              }
            ],
            "cluster_autoscaling": [
              {
                "auto_provisioning_defaults": [],
                "enabled": false,
                "resource_limits": []
              }
            ],
            "cluster_ipv4_cidr": "10.148.0.0/14",
            "confidential_nodes": [],
            "cost_management_config": [],
            "database_encryption": [
              {
                "key_name": "",
                "state": "DECRYPTED"
              }
            ],
            "datapath_provider": "",
            "default_max_pods_per_node": 110,
            "default_snat_status": [
              {
                "disabled": false
              }
            ],
            "deletion_protection": false,
            "description": "",
            "dns_config": [],
            "enable_autopilot": false,
            "enable_intranode_visibility": false,
            "enable_k8s_beta_apis": [],
            "enable_kubernetes_alpha": false,
            "enable_l4_ilb_subsetting": false,
            "enable_legacy_abac": false,
            "enable_shielded_nodes": true,
            "enable_tpu": false,
            "endpoint": "172.16.0.2",
            "gateway_api_config": [],
            "id": "projects/gcp-project-402717/locations/us-east4/clusters/dev-cluster",
            "initial_node_count": 1,
            "ip_allocation_policy": [
              {
                "additional_pod_ranges_config": [],
                "cluster_ipv4_cidr_block": "10.148.0.0/14",
                "cluster_secondary_range_name": "gke-dev-cluster-pods-65a1cc52",
                "pod_cidr_overprovision_config": [
                  {
                    "disabled": false
                  }
                ],
                "services_ipv4_cidr_block": "10.152.0.0/20",
                "services_secondary_range_name": "gke-dev-cluster-services-65a1cc52",
                "stack_type": "IPV4"
              }
            ],
            "label_fingerprint": "a9dc16a7",
            "location": "us-east4",
            "logging_config": [
              {
                "enable_components": [
                  "SYSTEM_COMPONENTS",
                  "WORKLOADS"
                ]
              }
            ],
            "logging_service": "logging.googleapis.com/kubernetes",
            "maintenance_policy": [],
            "master_auth": [
              {
                "client_certificate": "",
                "client_certificate_config": [
                  {
                    "issue_client_certificate": false
                  }
                ],
                "client_key": "",
                "cluster_ca_certificate": "LS0tLS1CRUdJTiBDRVJUSUZJQ0FURS0tLS0tCk1JSUVMRENDQXBTZ0F3SUJBZ0lRV1hSalduZHUwNHYzNElnTEJiMkQ2REFOQmdrcWhraUc5dzBCQVFzRkFEQXYKTVMwd0t3WURWUVFERXlSbFpqRm1OakpqTnkxaFpqY3pMVFEwTkRrdFlUVmxNUzA1T1RneU5tVTNaakU0WVRNdwpJQmNOTWpNeE1ESTRNVEExTVRJMFdoZ1BNakExTXpFd01qQXhNVFV4TWpSYU1DOHhMVEFyQmdOVkJBTVRKR1ZtCk1XWTJNbU0zTFdGbU56TXRORFEwT1MxaE5XVXhMVGs1T0RJMlpUZG1NVGhoTXpDQ0FhSXdEUVlKS29aSWh2Y04KQVFFQkJRQURnZ0dQQURDQ0FZb0NnZ0dCQUp1dGxjSEJBNnFSUWw4dWpIS1dXSlM4OG9XMGNibTMyMC9xZ1l1cQo0eWtiV0lXKzRqNjJFUVYzbjU4SGtweWJGVEl6dTNWQ2NXWW9wT0o5SkxQbHZ0dlBLRFdLMzhqenBMZktjZFdlCm8yaExWUUlwVVRTdkM3VTh2TkF6YVdFUG1vc3loS21CVS9NbmkwdUU3aFYwZS9idTRSOEZ0Q0xOdG0yUTF0Vk4Ka1VXZ2hZSWF1WVNHS1FHT1RrMElPOUdOQkNySlA0Zytid3hjMUFOY3d1YXhtRlFwWWR2ZHZoUmRVNmtZY1hmegpQa29WWEwvQWJTL1FkbGtSRVJiVFFWcWhkOVhpSE5UNC9UbXlEeVl1aUsyNXVtcXRVMmdpMENOc3p6MFRuMG5RCkwvYnlMZVp4bFdKQ2tlWE01Y1FOQk9aTUdjcS81RVN1VTdLelBsaVpHUGJpZzR6WU14WjNTcGRLVTRhdjhtMkYKUTZpUU4yaDFxSTFMSHNPaXhsdWRXdzZMTzk1YUZNaEZDQ200NWY1ZlNCMkY2QmowY08rYUpCa3B6SlNXbWVTSQptRzk3Ym1QNUZmQWY1Vityc25yL0VCQmRBQTd4dHgyUnVXNWI1SXFQKzhsTk1adlpYTDBBNW5XK1A4TUF5VC9PCm9iMXo4TW9YQmRuMkd3Z2pHbC83SWdxTUd3SURBUUFCbzBJd1FEQU9CZ05WSFE4QkFmOEVCQU1DQWdRd0R3WUQKVlIwVEFRSC9CQVV3QXdFQi96QWRCZ05WSFE0RUZnUVVFclFualRJbWVHa2FDMG8yUXhUOUtMYkoxN293RFFZSgpLb1pJaHZjTkFRRUxCUUFEZ2dHQkFGYmw0MWhqc2lxa2FacWRqRmthNmtVc1lWSWtuUE5ZWkRkUGt2OGhCbTRoCkJrcnhtck5aUDNRbnRmd2RQdStkVFRXMW95cUxaWllSZm1GMDhodUN6TkhPUWdJUTI5czYwK0RMdEs5WjdNYWkKRWM3TTdheWRuU3dKYUV1Y2dDeGFEd0Fhc2lZQWVhZnNUSnVyMWU4THJOcUVsLzdkejIyQkhUcngxMUJwRXlZTwpoUDJFZytIQ2s4em8wYmozWmhFeTRGVzBGOEJnb2d0OVV6a05rWXY5VWl1bnF2NTVaamp6NlhGRm1kd3RDYXdGCmN6T1RQTTN4SHk2WThESEdiTllTV2c1OU8ybjhBQjdXcmhVeWxLQ29FbmdOR2NmQWs2a2FVNTloUnlvbzdDQWcKUDJ2TWdFbGF4b2MzeFM2aDFRRDdxOEtpNHAybUEvek9sVDh0NTFmQ29iQmdwZkw3R0tqUk1YVStwQ2w3Y1FCTwpwTW52MHhVY0lnSWMyMjBxTW9nOXQ2akRROGpTMkd3QkF5bTJEbExacHVJdzZaWlFjU0VNMVdNWS8rdUt0Q3ZqCklhRDhpeG0vVEpuemJOeFJwTmFMSDNxR2N1NUZsNlQyRGd3TU44UTAyNThNSDkyTzNBQjVwLzhhQyt5bGV3UDIKcUlHaHg3Rk1yZzBVemRxSUI4eTk4QT09Ci0tLS0tRU5EIENFUlRJRklDQVRFLS0tLS0K"
              }
            ],
            "master_authorized_networks_config": [
              {
                "cidr_blocks": [
                  {
                    "cidr_block": "10.1.0.0/16",
                    "display_name": "management-cidr"
                  }
                ],
                "gcp_public_cidrs_access_enabled": false
              }
            ],
            "master_version": "1.27.3-gke.100",
            "mesh_certificates": [],
            "min_master_version": null,
            "monitoring_config": [
              {
                "advanced_datapath_observability_config": [
                  {
                    "enable_metrics": false,
                    "relay_mode": "DISABLED"
                  }
                ],
                "enable_components": [
                  "SYSTEM_COMPONENTS"
                ],
                "managed_prometheus": [
                  {
                    "enabled": true
                  }
                ]
              }
            ],
            "monitoring_service": "monitoring.googleapis.com/kubernetes",
            "name": "dev-cluster",
            "network": "projects/gcp-project-402717/global/networks/gcp-final-proj-vpc",
            "network_policy": [
              {
                "enabled": false,
                "provider": "PROVIDER_UNSPECIFIED"
              }
            ],
            "networking_mode": "VPC_NATIVE",
            "node_config": [],
            "node_locations": [
              "us-east4-a",
              "us-east4-b",
              "us-east4-c"
            ],
            "node_pool": [],
            "node_pool_auto_config": [],
            "node_pool_defaults": [
              {
                "node_config_defaults": [
                  {
                    "logging_variant": "DEFAULT"
                  }
                ]
              }
            ],
            "node_version": "1.27.3-gke.100",
            "notification_config": [
              {
                "pubsub": [
                  {
                    "enabled": false,
                    "filter": [],
                    "topic": ""
                  }
                ]
              }
            ],
            "operation": null,
            "private_cluster_config": [
              {
                "enable_private_endpoint": true,
                "enable_private_nodes": true,
                "master_global_access_config": [
                  {
                    "enabled": true
                  }
                ],
                "master_ipv4_cidr_block": "172.16.0.0/28",
                "peering_name": "gke-nfd4e4d82cfba4d358b6-902d-1332-peer",
                "private_endpoint": "172.16.0.2",
                "private_endpoint_subnetwork": "",
                "public_endpoint": "34.145.232.221"
              }
            ],
            "private_ipv6_google_access": "",
            "project": "gcp-project-402717",
            "release_channel": [
              {
                "channel": "REGULAR"
              }
            ],
            "remove_default_node_pool": true,
            "resource_labels": null,
            "resource_usage_export_config": [],
            "security_posture_config": [
              {
                "mode": "BASIC",
                "vulnerability_mode": "VULNERABILITY_MODE_UNSPECIFIED"
              }
            ],
            "self_link": "https://container.googleapis.com/v1/projects/gcp-project-402717/locations/us-east4/clusters/dev-cluster",
            "service_external_ips_config": [
              {
                "enabled": false
              }
            ],
            "services_ipv4_cidr": "10.152.0.0/20",
            "subnetwork": "projects/gcp-project-402717/regions/us-east4/subnetworks/workload-subnet",
            "timeouts": null,
            "tpu_ipv4_cidr_block": "",
            "vertical_pod_autoscaling": [],
            "workload_identity_config": []
          },
          "sensitive_attributes": [],
          "private": "eyJlMmJmYjczMC1lY2FhLTExZTYtOGY4OC0zNDM2M2JjN2M0YzAiOnsiY3JlYXRlIjoyNDAwMDAwMDAwMDAwLCJkZWxldGUiOjI0MDAwMDAwMDAwMDAsInJlYWQiOjI0MDAwMDAwMDAwMDAsInVwZGF0ZSI6MzYwMDAwMDAwMDAwMH0sInNjaGVtYV92ZXJzaW9uIjoiMiJ9",
          "dependencies": [
            "google_compute_network.vpc_network",
            "google_compute_subnetwork.subnets",
            "google_project_service.gcp_services",
            "google_service_account.service_account",
            "time_sleep.wait_project_init"
          ]
        }
      ]
    },
    {
      "mode": "managed",
      "type": "google_container_node_pool",
      "name": "nodepool",
      "provider": "provider[\"registry.terraform.io/hashicorp/google\"]",
      "instances": [
        {
          "schema_version": 1,
          "attributes": {
            "autoscaling": [],
            "cluster": "dev-cluster",
            "id": "projects/gcp-project-402717/locations/us-east4/clusters/dev-cluster/nodePools/nodepool",
            "initial_node_count": 1,
            "instance_group_urls": [
              "https://www.googleapis.com/compute/v1/projects/gcp-project-402717/zones/us-east4-c/instanceGroupManagers/gke-dev-cluster-nodepool-327d32d9-grp",
              "https://www.googleapis.com/compute/v1/projects/gcp-project-402717/zones/us-east4-b/instanceGroupManagers/gke-dev-cluster-nodepool-0888eca6-grp",
              "https://www.googleapis.com/compute/v1/projects/gcp-project-402717/zones/us-east4-a/instanceGroupManagers/gke-dev-cluster-nodepool-fbb323a5-grp"
            ],
            "location": "us-east4",
            "managed_instance_group_urls": [
              "https://www.googleapis.com/compute/v1/projects/gcp-project-402717/zones/us-east4-c/instanceGroups/gke-dev-cluster-nodepool-327d32d9-grp",
              "https://www.googleapis.com/compute/v1/projects/gcp-project-402717/zones/us-east4-b/instanceGroups/gke-dev-cluster-nodepool-0888eca6-grp",
              "https://www.googleapis.com/compute/v1/projects/gcp-project-402717/zones/us-east4-a/instanceGroups/gke-dev-cluster-nodepool-fbb323a5-grp"
            ],
            "management": [
              {
                "auto_repair": true,
                "auto_upgrade": true
              }
            ],
            "max_pods_per_node": 110,
            "name": "nodepool",
            "name_prefix": "",
            "network_config": [
              {
                "create_pod_range": false,
                "enable_private_nodes": false,
                "pod_cidr_overprovision_config": [],
                "pod_ipv4_cidr_block": "10.148.0.0/14",
                "pod_range": "gke-dev-cluster-pods-65a1cc52"
              }
            ],
            "node_config": [
              {
                "advanced_machine_features": [],
                "boot_disk_kms_key": "",
                "confidential_nodes": [],
                "disk_size_gb": 20,
                "disk_type": "pd-balanced",
                "effective_taints": [],
                "ephemeral_storage_local_ssd_config": [],
                "fast_socket": [],
                "gcfs_config": [],
                "guest_accelerator": [],
                "gvnic": [],
                "host_maintenance_policy": [],
                "image_type": "COS_CONTAINERD",
                "kubelet_config": [],
                "labels": {},
                "linux_node_config": [],
                "local_nvme_ssd_block_config": [],
                "local_ssd_count": 0,
                "logging_variant": "DEFAULT",
                "machine_type": "e2-small",
                "metadata": {
                  "disable-legacy-endpoints": "true"
                },
                "min_cpu_platform": "",
                "node_group": "",
                "oauth_scopes": [
                  "https://www.googleapis.com/auth/cloud-platform"
                ],
                "preemptible": false,
                "reservation_affinity": [],
                "resource_labels": null,
                "service_account": "sa-gke-cls-tf@gcp-project-402717.iam.gserviceaccount.com",
                "shielded_instance_config": [
                  {
                    "enable_integrity_monitoring": true,
                    "enable_secure_boot": false
                  }
                ],
                "sole_tenant_config": [],
                "spot": false,
                "tags": null,
                "taint": [],
                "workload_metadata_config": []
              }
            ],
            "node_count": 1,
            "node_locations": [
              "us-east4-a",
              "us-east4-b",
              "us-east4-c"
            ],
            "operation": null,
            "placement_policy": [],
            "project": "gcp-project-402717",
            "timeouts": null,
            "upgrade_settings": [
              {
                "blue_green_settings": [],
                "max_surge": 1,
                "max_unavailable": 0,
                "strategy": "SURGE"
              }
            ],
            "version": "1.27.3-gke.100"
          },
          "sensitive_attributes": [],
          "private": "eyJlMmJmYjczMC1lY2FhLTExZTYtOGY4OC0zNDM2M2JjN2M0YzAiOnsiY3JlYXRlIjoxODAwMDAwMDAwMDAwLCJkZWxldGUiOjE4MDAwMDAwMDAwMDAsInVwZGF0ZSI6MTgwMDAwMDAwMDAwMH0sInNjaGVtYV92ZXJzaW9uIjoiMSJ9",
          "dependencies": [
            "google_compute_network.vpc_network",
            "google_compute_subnetwork.subnets",
            "google_container_cluster.my-private-cluster",
            "google_project_service.gcp_services",
            "google_service_account.service_account",
            "time_sleep.wait_project_init"
          ]
        }
      ]
    },
    {
      "mode": "managed",
      "type": "google_project_iam_member",
      "name": "man_sa_roles",
      "provider": "provider[\"registry.terraform.io/hashicorp/google\"]",
      "instances": [
        {
          "index_key": 0,
          "schema_version": 0,
          "attributes": {
            "condition": [],
            "etag": "BwYIxWrdB0U=",
            "id": "gcp-project-402717/roles/artifactregistry.writer/serviceAccount:sa-man-vm-tf@gcp-project-402717.iam.gserviceaccount.com",
            "member": "serviceAccount:sa-man-vm-tf@gcp-project-402717.iam.gserviceaccount.com",
            "project": "gcp-project-402717",
            "role": "roles/artifactregistry.writer"
          },
          "sensitive_attributes": [],
          "private": "bnVsbA==",
          "dependencies": [
            "google_project_service.gcp_services",
            "google_service_account.service_account",
            "time_sleep.wait_project_init"
          ]
        },
        {
          "index_key": 1,
          "schema_version": 0,
          "attributes": {
            "condition": [],
            "etag": "BwYIxWrdB0U=",
            "id": "gcp-project-402717/roles/container.admin/serviceAccount:sa-man-vm-tf@gcp-project-402717.iam.gserviceaccount.com",
            "member": "serviceAccount:sa-man-vm-tf@gcp-project-402717.iam.gserviceaccount.com",
            "project": "gcp-project-402717",
            "role": "roles/container.admin"
          },
          "sensitive_attributes": [],
          "private": "bnVsbA==",
          "dependencies": [
            "google_project_service.gcp_services",
            "google_service_account.service_account",
            "time_sleep.wait_project_init"
          ]
        },
        {
          "index_key": 2,
          "schema_version": 0,
          "attributes": {
            "condition": [],
            "etag": "BwYIxWrdB0U=",
            "id": "gcp-project-402717/roles/cloudbuild.builds.builder/serviceAccount:sa-man-vm-tf@gcp-project-402717.iam.gserviceaccount.com",
            "member": "serviceAccount:sa-man-vm-tf@gcp-project-402717.iam.gserviceaccount.com",
            "project": "gcp-project-402717",
            "role": "roles/cloudbuild.builds.builder"
          },
          "sensitive_attributes": [],
          "private": "bnVsbA==",
          "dependencies": [
            "google_project_service.gcp_services",
            "google_service_account.service_account",
            "time_sleep.wait_project_init"
          ]
        }
      ]
    },
    {
      "mode": "managed",
      "type": "google_project_iam_member",
      "name": "workload_sa_roles",
      "provider": "provider[\"registry.terraform.io/hashicorp/google\"]",
      "instances": [
        {
          "index_key": 0,
          "schema_version": 0,
          "attributes": {
            "condition": [],
            "etag": "BwYIxWrdB0U=",
            "id": "gcp-project-402717/roles/artifactregistry.reader/serviceAccount:sa-gke-cls-tf@gcp-project-402717.iam.gserviceaccount.com",
            "member": "serviceAccount:sa-gke-cls-tf@gcp-project-402717.iam.gserviceaccount.com",
            "project": "gcp-project-402717",
            "role": "roles/artifactregistry.reader"
          },
          "sensitive_attributes": [],
          "private": "bnVsbA==",
          "dependencies": [
            "google_project_service.gcp_services",
            "google_service_account.service_account",
            "time_sleep.wait_project_init"
          ]
        }
      ]
    },
    {
      "mode": "managed",
      "type": "google_project_service",
      "name": "gcp_services",
      "provider": "provider[\"registry.terraform.io/hashicorp/google\"]",
      "instances": [
        {
          "index_key": 0,
          "schema_version": 0,
          "attributes": {
            "disable_dependent_services": false,
            "disable_on_destroy": false,
            "id": "gcp-project-402717/cloudresourcemanager.googleapis.com",
            "project": "gcp-project-402717",
            "service": "cloudresourcemanager.googleapis.com",
            "timeouts": null
          },
          "sensitive_attributes": [],
          "private": "eyJlMmJmYjczMC1lY2FhLTExZTYtOGY4OC0zNDM2M2JjN2M0YzAiOnsiY3JlYXRlIjoxMjAwMDAwMDAwMDAwLCJkZWxldGUiOjEyMDAwMDAwMDAwMDAsInJlYWQiOjYwMDAwMDAwMDAwMCwidXBkYXRlIjoxMjAwMDAwMDAwMDAwfX0="
        },
        {
          "index_key": 1,
          "schema_version": 0,
          "attributes": {
            "disable_dependent_services": false,
            "disable_on_destroy": false,
            "id": "gcp-project-402717/iap.googleapis.com",
            "project": "gcp-project-402717",
            "service": "iap.googleapis.com",
            "timeouts": null
          },
          "sensitive_attributes": [],
          "private": "eyJlMmJmYjczMC1lY2FhLTExZTYtOGY4OC0zNDM2M2JjN2M0YzAiOnsiY3JlYXRlIjoxMjAwMDAwMDAwMDAwLCJkZWxldGUiOjEyMDAwMDAwMDAwMDAsInJlYWQiOjYwMDAwMDAwMDAwMCwidXBkYXRlIjoxMjAwMDAwMDAwMDAwfX0="
        },
        {
          "index_key": 2,
          "schema_version": 0,
          "attributes": {
            "disable_dependent_services": false,
            "disable_on_destroy": false,
            "id": "gcp-project-402717/iam.googleapis.com",
            "project": "gcp-project-402717",
            "service": "iam.googleapis.com",
            "timeouts": null
          },
          "sensitive_attributes": [],
          "private": "eyJlMmJmYjczMC1lY2FhLTExZTYtOGY4OC0zNDM2M2JjN2M0YzAiOnsiY3JlYXRlIjoxMjAwMDAwMDAwMDAwLCJkZWxldGUiOjEyMDAwMDAwMDAwMDAsInJlYWQiOjYwMDAwMDAwMDAwMCwidXBkYXRlIjoxMjAwMDAwMDAwMDAwfX0="
        },
        {
          "index_key": 3,
          "schema_version": 0,
          "attributes": {
            "disable_dependent_services": false,
            "disable_on_destroy": false,
            "id": "gcp-project-402717/compute.googleapis.com",
            "project": "gcp-project-402717",
            "service": "compute.googleapis.com",
            "timeouts": null
          },
          "sensitive_attributes": [],
          "private": "eyJlMmJmYjczMC1lY2FhLTExZTYtOGY4OC0zNDM2M2JjN2M0YzAiOnsiY3JlYXRlIjoxMjAwMDAwMDAwMDAwLCJkZWxldGUiOjEyMDAwMDAwMDAwMDAsInJlYWQiOjYwMDAwMDAwMDAwMCwidXBkYXRlIjoxMjAwMDAwMDAwMDAwfX0="
        },
        {
          "index_key": 4,
          "schema_version": 0,
          "attributes": {
            "disable_dependent_services": false,
            "disable_on_destroy": false,
            "id": "gcp-project-402717/artifactregistry.googleapis.com",
            "project": "gcp-project-402717",
            "service": "artifactregistry.googleapis.com",
            "timeouts": null
          },
          "sensitive_attributes": [],
          "private": "eyJlMmJmYjczMC1lY2FhLTExZTYtOGY4OC0zNDM2M2JjN2M0YzAiOnsiY3JlYXRlIjoxMjAwMDAwMDAwMDAwLCJkZWxldGUiOjEyMDAwMDAwMDAwMDAsInJlYWQiOjYwMDAwMDAwMDAwMCwidXBkYXRlIjoxMjAwMDAwMDAwMDAwfX0="
        },
        {
          "index_key": 5,
          "schema_version": 0,
          "attributes": {
            "disable_dependent_services": false,
            "disable_on_destroy": false,
            "id": "gcp-project-402717/container.googleapis.com",
            "project": "gcp-project-402717",
            "service": "container.googleapis.com",
            "timeouts": null
          },
          "sensitive_attributes": [],
          "private": "eyJlMmJmYjczMC1lY2FhLTExZTYtOGY4OC0zNDM2M2JjN2M0YzAiOnsiY3JlYXRlIjoxMjAwMDAwMDAwMDAwLCJkZWxldGUiOjEyMDAwMDAwMDAwMDAsInJlYWQiOjYwMDAwMDAwMDAwMCwidXBkYXRlIjoxMjAwMDAwMDAwMDAwfX0="
        },
        {
          "index_key": 6,
          "schema_version": 0,
          "attributes": {
            "disable_dependent_services": false,
            "disable_on_destroy": false,
            "id": "gcp-project-402717/networkconnectivity.googleapis.com",
            "project": "gcp-project-402717",
            "service": "networkconnectivity.googleapis.com",
            "timeouts": null
          },
          "sensitive_attributes": [],
          "private": "eyJlMmJmYjczMC1lY2FhLTExZTYtOGY4OC0zNDM2M2JjN2M0YzAiOnsiY3JlYXRlIjoxMjAwMDAwMDAwMDAwLCJkZWxldGUiOjEyMDAwMDAwMDAwMDAsInJlYWQiOjYwMDAwMDAwMDAwMCwidXBkYXRlIjoxMjAwMDAwMDAwMDAwfX0="
        },
        {
          "index_key": 7,
          "schema_version": 0,
          "attributes": {
            "disable_dependent_services": false,
            "disable_on_destroy": false,
            "id": "gcp-project-402717/cloudbuild.googleapis.com",
            "project": "gcp-project-402717",
            "service": "cloudbuild.googleapis.com",
            "timeouts": null
          },
          "sensitive_attributes": [],
          "private": "eyJlMmJmYjczMC1lY2FhLTExZTYtOGY4OC0zNDM2M2JjN2M0YzAiOnsiY3JlYXRlIjoxMjAwMDAwMDAwMDAwLCJkZWxldGUiOjEyMDAwMDAwMDAwMDAsInJlYWQiOjYwMDAwMDAwMDAwMCwidXBkYXRlIjoxMjAwMDAwMDAwMDAwfX0="
        }
      ]
    },
    {
      "mode": "managed",
      "type": "google_service_account",
      "name": "service_account",
      "provider": "provider[\"registry.terraform.io/hashicorp/google\"]",
      "instances": [
        {
          "index_key": 0,
          "schema_version": 0,
          "attributes": {
            "account_id": "sa-man-vm-tf",
            "description": "",
            "disabled": false,
            "display_name": "Service Account for management vm from tf",
            "email": "sa-man-vm-tf@gcp-project-402717.iam.gserviceaccount.com",
            "id": "projects/gcp-project-402717/serviceAccounts/sa-man-vm-tf@gcp-project-402717.iam.gserviceaccount.com",
            "member": "serviceAccount:sa-man-vm-tf@gcp-project-402717.iam.gserviceaccount.com",
            "name": "projects/gcp-project-402717/serviceAccounts/sa-man-vm-tf@gcp-project-402717.iam.gserviceaccount.com",
            "project": "gcp-project-402717",
            "timeouts": null,
            "unique_id": "103188133351465142719"
          },
          "sensitive_attributes": [],
          "private": "eyJlMmJmYjczMC1lY2FhLTExZTYtOGY4OC0zNDM2M2JjN2M0YzAiOnsiY3JlYXRlIjozMDAwMDAwMDAwMDB9fQ==",
          "dependencies": [
            "google_project_service.gcp_services",
            "time_sleep.wait_project_init"
          ]
        },
        {
          "index_key": 1,
          "schema_version": 0,
          "attributes": {
            "account_id": "sa-gke-cls-tf",
            "description": "",
            "disabled": false,
            "display_name": "Service Account for gke cluster from tf",
            "email": "sa-gke-cls-tf@gcp-project-402717.iam.gserviceaccount.com",
            "id": "projects/gcp-project-402717/serviceAccounts/sa-gke-cls-tf@gcp-project-402717.iam.gserviceaccount.com",
            "member": "serviceAccount:sa-gke-cls-tf@gcp-project-402717.iam.gserviceaccount.com",
            "name": "projects/gcp-project-402717/serviceAccounts/sa-gke-cls-tf@gcp-project-402717.iam.gserviceaccount.com",
            "project": "gcp-project-402717",
            "timeouts": null,
            "unique_id": "102445823255965962054"
          },
          "sensitive_attributes": [],
          "private": "eyJlMmJmYjczMC1lY2FhLTExZTYtOGY4OC0zNDM2M2JjN2M0YzAiOnsiY3JlYXRlIjozMDAwMDAwMDAwMDB9fQ==",
          "dependencies": [
            "google_project_service.gcp_services",
            "time_sleep.wait_project_init"
          ]
        }
      ]
    },
    {
      "mode": "managed",
      "type": "time_sleep",
      "name": "wait_project_init",
      "provider": "provider[\"registry.terraform.io/hashicorp/time\"]",
      "instances": [
        {
          "schema_version": 0,
          "attributes": {
            "create_duration": "30s",
            "destroy_duration": null,
            "id": "2023-10-28T11:50:46Z",
            "triggers": null
          },
          "sensitive_attributes": [],
          "dependencies": [
            "google_project_service.gcp_services"
          ]
        }
      ]
    }
  ],
  "check_results": null
}
